// !$*UTF8*$!
{
	archiveVersion = 1;
	classes = {
	};
	objectVersion = 50;
	objects = {

/* Begin PBXBuildFile section */
		B6775A1622320D3B002076C0 /* AppDelegate.m in Sources */ = {isa = PBXBuildFile; fileRef = B6775A1522320D3B002076C0 /* AppDelegate.m */; };
		B6775A1922320D3B002076C0 /* ViewController.m in Sources */ = {isa = PBXBuildFile; fileRef = B6775A1822320D3B002076C0 /* ViewController.m */; };
		B6775A1C22320D3B002076C0 /* Main.storyboard in Resources */ = {isa = PBXBuildFile; fileRef = B6775A1A22320D3B002076C0 /* Main.storyboard */; };
		B6775A1E22320D3D002076C0 /* Assets.xcassets in Resources */ = {isa = PBXBuildFile; fileRef = B6775A1D22320D3D002076C0 /* Assets.xcassets */; };
		B6775A2122320D3D002076C0 /* LaunchScreen.storyboard in Resources */ = {isa = PBXBuildFile; fileRef = B6775A1F22320D3D002076C0 /* LaunchScreen.storyboard */; };
		B6775A2422320D3D002076C0 /* main.m in Sources */ = {isa = PBXBuildFile; fileRef = B6775A2322320D3D002076C0 /* main.m */; };
		B6775A2E22320D3D002076C0 /* ShenHeDemoTests.m in Sources */ = {isa = PBXBuildFile; fileRef = B6775A2D22320D3D002076C0 /* ShenHeDemoTests.m */; };
		B6775A3922320D3D002076C0 /* ShenHeDemoUITests.m in Sources */ = {isa = PBXBuildFile; fileRef = B6775A3822320D3D002076C0 /* ShenHeDemoUITests.m */; };
/* End PBXBuildFile section */

/* Begin PBXContainerItemProxy section */
		B6775A2A22320D3D002076C0 /* PBXContainerItemProxy */ = {
			isa = PBXContainerItemProxy;
			containerPortal = B6775A0922320D3B002076C0 /* Project object */;
			proxyType = 1;
			remoteGlobalIDString = B6775A1022320D3B002076C0;
			remoteInfo = ShenHeDemo;
		};
		B6775A3522320D3D002076C0 /* PBXContainerItemProxy */ = {
			isa = PBXContainerItemProxy;
			containerPortal = B6775A0922320D3B002076C0 /* Project object */;
			proxyType = 1;
			remoteGlobalIDString = B6775A1022320D3B002076C0;
			remoteInfo = ShenHeDemo;
		};
/* End PBXContainerItemProxy section */

/* Begin PBXFileReference section */
		B6775A1122320D3B002076C0 /* ShenHeDemo.app */ = {isa = PBXFileReference; explicitFileType = wrapper.application; includeInIndex = 0; path = ShenHeDemo.app; sourceTree = BUILT_PRODUCTS_DIR; };
		B6775A1422320D3B002076C0 /* AppDelegate.h */ = {isa = PBXFileReference; lastKnownFileType = sourcecode.c.h; path = AppDelegate.h; sourceTree = "<group>"; };
		B6775A1522320D3B002076C0 /* AppDelegate.m */ = {isa = PBXFileReference; lastKnownFileType = sourcecode.c.objc; path = AppDelegate.m; sourceTree = "<group>"; };
		B6775A1722320D3B002076C0 /* ViewController.h */ = {isa = PBXFileReference; lastKnownFileType = sourcecode.c.h; path = ViewController.h; sourceTree = "<group>"; };
		B6775A1822320D3B002076C0 /* ViewController.m */ = {isa = PBXFileReference; lastKnownFileType = sourcecode.c.objc; path = ViewController.m; sourceTree = "<group>"; };
		B6775A1B22320D3B002076C0 /* Base */ = {isa = PBXFileReference; lastKnownFileType = file.storyboard; name = Base; path = Base.lproj/Main.storyboard; sourceTree = "<group>"; };
		B6775A1D22320D3D002076C0 /* Assets.xcassets */ = {isa = PBXFileReference; lastKnownFileType = folder.assetcatalog; path = Assets.xcassets; sourceTree = "<group>"; };
		B6775A2022320D3D002076C0 /* Base */ = {isa = PBXFileReference; lastKnownFileType = file.storyboard; name = Base; path = Base.lproj/LaunchScreen.storyboard; sourceTree = "<group>"; };
		B6775A2222320D3D002076C0 /* Info.plist */ = {isa = PBXFileReference; lastKnownFileType = text.plist.xml; path = Info.plist; sourceTree = "<group>"; };
		B6775A2322320D3D002076C0 /* main.m */ = {isa = PBXFileReference; lastKnownFileType = sourcecode.c.objc; path = main.m; sourceTree = "<group>"; };
		B6775A2922320D3D002076C0 /* ShenHeDemoTests.xctest */ = {isa = PBXFileReference; explicitFileType = wrapper.cfbundle; includeInIndex = 0; path = ShenHeDemoTests.xctest; sourceTree = BUILT_PRODUCTS_DIR; };
		B6775A2D22320D3D002076C0 /* ShenHeDemoTests.m */ = {isa = PBXFileReference; lastKnownFileType = sourcecode.c.objc; path = ShenHeDemoTests.m; sourceTree = "<group>"; };
		B6775A2F22320D3D002076C0 /* Info.plist */ = {isa = PBXFileReference; lastKnownFileType = text.plist.xml; path = Info.plist; sourceTree = "<group>"; };
		B6775A3422320D3D002076C0 /* ShenHeDemoUITests.xctest */ = {isa = PBXFileReference; explicitFileType = wrapper.cfbundle; includeInIndex = 0; path = ShenHeDemoUITests.xctest; sourceTree = BUILT_PRODUCTS_DIR; };
		B6775A3822320D3D002076C0 /* ShenHeDemoUITests.m */ = {isa = PBXFileReference; lastKnownFileType = sourcecode.c.objc; path = ShenHeDemoUITests.m; sourceTree = "<group>"; };
		B6775A3A22320D3D002076C0 /* Info.plist */ = {isa = PBXFileReference; lastKnownFileType = text.plist.xml; path = Info.plist; sourceTree = "<group>"; };
/* End PBXFileReference section */

/* Begin PBXFrameworksBuildPhase section */
		B6775A0E22320D3B002076C0 /* Frameworks */ = {
			isa = PBXFrameworksBuildPhase;
			buildActionMask = 2147483647;
			files = (
			);
			runOnlyForDeploymentPostprocessing = 0;
		};
		B6775A2622320D3D002076C0 /* Frameworks */ = {
			isa = PBXFrameworksBuildPhase;
			buildActionMask = 2147483647;
			files = (
			);
			runOnlyForDeploymentPostprocessing = 0;
		};
		B6775A3122320D3D002076C0 /* Frameworks */ = {
			isa = PBXFrameworksBuildPhase;
			buildActionMask = 2147483647;
			files = (
			);
			runOnlyForDeploymentPostprocessing = 0;
		};
/* End PBXFrameworksBuildPhase section */

/* Begin PBXGroup section */
		B6775A0822320D3B002076C0 = {
			isa = PBXGroup;
			children = (
				B6775A1322320D3B002076C0 /* ShenHeDemo */,
				B6775A2C22320D3D002076C0 /* ShenHeDemoTests */,
				B6775A3722320D3D002076C0 /* ShenHeDemoUITests */,
				B6775A1222320D3B002076C0 /* Products */,
			);
			sourceTree = "<group>";
		};
		B6775A1222320D3B002076C0 /* Products */ = {
			isa = PBXGroup;
			children = (
				B6775A1122320D3B002076C0 /* ShenHeDemo.app */,
				B6775A2922320D3D002076C0 /* ShenHeDemoTests.xctest */,
				B6775A3422320D3D002076C0 /* ShenHeDemoUITests.xctest */,
			);
			name = Products;
			sourceTree = "<group>";
		};
		B6775A1322320D3B002076C0 /* ShenHeDemo */ = {
			isa = PBXGroup;
			children = (
				B6775A1422320D3B002076C0 /* AppDelegate.h */,
				B6775A1522320D3B002076C0 /* AppDelegate.m */,
				B6775A1722320D3B002076C0 /* ViewController.h */,
				B6775A1822320D3B002076C0 /* ViewController.m */,
				B6775A1A22320D3B002076C0 /* Main.storyboard */,
				B6775A1D22320D3D002076C0 /* Assets.xcassets */,
				B6775A1F22320D3D002076C0 /* LaunchScreen.storyboard */,
				B6775A2222320D3D002076C0 /* Info.plist */,
				B6775A2322320D3D002076C0 /* main.m */,
			);
			path = ShenHeDemo;
			sourceTree = "<group>";
		};
		B6775A2C22320D3D002076C0 /* ShenHeDemoTests */ = {
			isa = PBXGroup;
			children = (
				B6775A2D22320D3D002076C0 /* ShenHeDemoTests.m */,
				B6775A2F22320D3D002076C0 /* Info.plist */,
			);
			path = ShenHeDemoTests;
			sourceTree = "<group>";
		};
		B6775A3722320D3D002076C0 /* ShenHeDemoUITests */ = {
			isa = PBXGroup;
			children = (
				B6775A3822320D3D002076C0 /* ShenHeDemoUITests.m */,
				B6775A3A22320D3D002076C0 /* Info.plist */,
			);
			path = ShenHeDemoUITests;
			sourceTree = "<group>";
		};
/* End PBXGroup section */

/* Begin PBXNativeTarget section */
		B6775A1022320D3B002076C0 /* ShenHeDemo */ = {
			isa = PBXNativeTarget;
			buildConfigurationList = B6775A3D22320D3D002076C0 /* Build configuration list for PBXNativeTarget "ShenHeDemo" */;
			buildPhases = (
				B6775A0D22320D3B002076C0 /* Sources */,
				B6775A0E22320D3B002076C0 /* Frameworks */,
				B6775A0F22320D3B002076C0 /* Resources */,
			);
			buildRules = (
			);
			dependencies = (
			);
			name = ShenHeDemo;
			productName = ShenHeDemo;
			productReference = B6775A1122320D3B002076C0 /* ShenHeDemo.app */;
			productType = "com.apple.product-type.application";
		};
		B6775A2822320D3D002076C0 /* ShenHeDemoTests */ = {
			isa = PBXNativeTarget;
			buildConfigurationList = B6775A4022320D3D002076C0 /* Build configuration list for PBXNativeTarget "ShenHeDemoTests" */;
			buildPhases = (
				B6775A2522320D3D002076C0 /* Sources */,
				B6775A2622320D3D002076C0 /* Frameworks */,
				B6775A2722320D3D002076C0 /* Resources */,
			);
			buildRules = (
			);
			dependencies = (
				B6775A2B22320D3D002076C0 /* PBXTargetDependency */,
			);
			name = ShenHeDemoTests;
			productName = ShenHeDemoTests;
			productReference = B6775A2922320D3D002076C0 /* ShenHeDemoTests.xctest */;
			productType = "com.apple.product-type.bundle.unit-test";
		};
		B6775A3322320D3D002076C0 /* ShenHeDemoUITests */ = {
			isa = PBXNativeTarget;
			buildConfigurationList = B6775A4322320D3D002076C0 /* Build configuration list for PBXNativeTarget "ShenHeDemoUITests" */;
			buildPhases = (
				B6775A3022320D3D002076C0 /* Sources */,
				B6775A3122320D3D002076C0 /* Frameworks */,
				B6775A3222320D3D002076C0 /* Resources */,
			);
			buildRules = (
			);
			dependencies = (
				B6775A3622320D3D002076C0 /* PBXTargetDependency */,
			);
			name = ShenHeDemoUITests;
			productName = ShenHeDemoUITests;
			productReference = B6775A3422320D3D002076C0 /* ShenHeDemoUITests.xctest */;
			productType = "com.apple.product-type.bundle.ui-testing";
		};
/* End PBXNativeTarget section */

/* Begin PBXProject section */
		B6775A0922320D3B002076C0 /* Project object */ = {
			isa = PBXProject;
			attributes = {
				LastUpgradeCheck = 1010;
				ORGANIZATIONNAME = "庞仕山";
				TargetAttributes = {
					B6775A1022320D3B002076C0 = {
						CreatedOnToolsVersion = 10.1;
					};
					B6775A2822320D3D002076C0 = {
						CreatedOnToolsVersion = 10.1;
						TestTargetID = B6775A1022320D3B002076C0;
					};
					B6775A3322320D3D002076C0 = {
						CreatedOnToolsVersion = 10.1;
						TestTargetID = B6775A1022320D3B002076C0;
					};
				};
			};
			buildConfigurationList = B6775A0C22320D3B002076C0 /* Build configuration list for PBXProject "ShenHeDemo" */;
			compatibilityVersion = "Xcode 9.3";
			developmentRegion = en;
			hasScannedForEncodings = 0;
			knownRegions = (
				en,
				Base,
			);
			mainGroup = B6775A0822320D3B002076C0;
			productRefGroup = B6775A1222320D3B002076C0 /* Products */;
			projectDirPath = "";
			projectRoot = "";
			targets = (
				B6775A1022320D3B002076C0 /* ShenHeDemo */,
				B6775A2822320D3D002076C0 /* ShenHeDemoTests */,
				B6775A3322320D3D002076C0 /* ShenHeDemoUITests */,
			);
		};
/* End PBXProject section */

/* Begin PBXResourcesBuildPhase section */
		B6775A0F22320D3B002076C0 /* Resources */ = {
			isa = PBXResourcesBuildPhase;
			buildActionMask = 2147483647;
			files = (
				B6775A2122320D3D002076C0 /* LaunchScreen.storyboard in Resources */,
				B6775A1E22320D3D002076C0 /* Assets.xcassets in Resources */,
				B6775A1C22320D3B002076C0 /* Main.storyboard in Resources */,
			);
			runOnlyForDeploymentPostprocessing = 0;
		};
		B6775A2722320D3D002076C0 /* Resources */ = {
			isa = PBXResourcesBuildPhase;
			buildActionMask = 2147483647;
			files = (
			);
			runOnlyForDeploymentPostprocessing = 0;
		};
		B6775A3222320D3D002076C0 /* Resources */ = {
			isa = PBXResourcesBuildPhase;
			buildActionMask = 2147483647;
			files = (
			);
			runOnlyForDeploymentPostprocessing = 0;
		};
/* End PBXResourcesBuildPhase section */

/* Begin PBXSourcesBuildPhase section */
		B6775A0D22320D3B002076C0 /* Sources */ = {
			isa = PBXSourcesBuildPhase;
			buildActionMask = 2147483647;
			files = (
				B6775A1922320D3B002076C0 /* ViewController.m in Sources */,
				B6775A2422320D3D002076C0 /* main.m in Sources */,
				B6775A1622320D3B002076C0 /* AppDelegate.m in Sources */,
			);
			runOnlyForDeploymentPostprocessing = 0;
		};
		B6775A2522320D3D002076C0 /* Sources */ = {
			isa = PBXSourcesBuildPhase;
			buildActionMask = 2147483647;
			files = (
				B6775A2E22320D3D002076C0 /* ShenHeDemoTests.m in Sources */,
			);
			runOnlyForDeploymentPostprocessing = 0;
		};
		B6775A3022320D3D002076C0 /* Sources */ = {
			isa = PBXSourcesBuildPhase;
			buildActionMask = 2147483647;
			files = (
				B6775A3922320D3D002076C0 /* ShenHeDemoUITests.m in Sources */,
			);
			runOnlyForDeploymentPostprocessing = 0;
		};
/* End PBXSourcesBuildPhase section */

/* Begin PBXTargetDependency section */
		B6775A2B22320D3D002076C0 /* PBXTargetDependency */ = {
			isa = PBXTargetDependency;
			target = B6775A1022320D3B002076C0 /* ShenHeDemo */;
			targetProxy = B6775A2A22320D3D002076C0 /* PBXContainerItemProxy */;
		};
		B6775A3622320D3D002076C0 /* PBXTargetDependency */ = {
			isa = PBXTargetDependency;
			target = B6775A1022320D3B002076C0 /* ShenHeDemo */;
			targetProxy = B6775A3522320D3D002076C0 /* PBXContainerItemProxy */;
		};
/* End PBXTargetDependency section */

/* Begin PBXVariantGroup section */
		B6775A1A22320D3B002076C0 /* Main.storyboard */ = {
			isa = PBXVariantGroup;
			children = (
				B6775A1B22320D3B002076C0 /* Base */,
			);
			name = Main.storyboard;
			sourceTree = "<group>";
		};
		B6775A1F22320D3D002076C0 /* LaunchScreen.storyboard */ = {
			isa = PBXVariantGroup;
			children = (
				B6775A2022320D3D002076C0 /* Base */,
			);
			name = LaunchScreen.storyboard;
			sourceTree = "<group>";
		};
/* End PBXVariantGroup section */

/* Begin XCBuildConfiguration section */
		B6775A3B22320D3D002076C0 /* Debug */ = {
			isa = XCBuildConfiguration;
			buildSettings = {
				ALWAYS_SEARCH_USER_PATHS = NO;
				CLANG_ANALYZER_NONNULL = YES;
				CLANG_ANALYZER_NUMBER_OBJECT_CONVERSION = YES_AGGRESSIVE;
				CLANG_CXX_LANGUAGE_STANDARD = "gnu++14";
				CLANG_CXX_LIBRARY = "libc++";
				CLANG_ENABLE_MODULES = YES;
				CLANG_ENABLE_OBJC_ARC = YES;
				CLANG_ENABLE_OBJC_WEAK = YES;
				CLANG_WARN_BLOCK_CAPTURE_AUTORELEASING = YES;
				CLANG_WARN_BOOL_CONVERSION = YES;
				CLANG_WARN_COMMA = YES;
				CLANG_WARN_CONSTANT_CONVERSION = YES;
				CLANG_WARN_DEPRECATED_OBJC_IMPLEMENTATIONS = YES;
				CLANG_WARN_DIRECT_OBJC_ISA_USAGE = YES_ERROR;
				CLANG_WARN_DOCUMENTATION_COMMENTS = YES;
				CLANG_WARN_EMPTY_BODY = YES;
				CLANG_WARN_ENUM_CONVERSION = YES;
				CLANG_WARN_INFINITE_RECURSION = YES;
				CLANG_WARN_INT_CONVERSION = YES;
				CLANG_WARN_NON_LITERAL_NULL_CONVERSION = YES;
				CLANG_WARN_OBJC_IMPLICIT_RETAIN_SELF = YES;
				CLANG_WARN_OBJC_LITERAL_CONVERSION = YES;
				CLANG_WARN_OBJC_ROOT_CLASS = YES_ERROR;
				CLANG_WARN_RANGE_LOOP_ANALYSIS = YES;
				CLANG_WARN_STRICT_PROTOTYPES = YES;
				CLANG_WARN_SUSPICIOUS_MOVE = YES;
				CLANG_WARN_UNGUARDED_AVAILABILITY = YES_AGGRESSIVE;
				CLANG_WARN_UNREACHABLE_CODE = YES;
				CLANG_WARN__DUPLICATE_METHOD_MATCH = YES;
				CODE_SIGN_IDENTITY = "iPhone Developer";
				COPY_PHASE_STRIP = NO;
				DEBUG_INFORMATION_FORMAT = dwarf;
				ENABLE_STRICT_OBJC_MSGSEND = YES;
				ENABLE_TESTABILITY = YES;
				GCC_C_LANGUAGE_STANDARD = gnu11;
				GCC_DYNAMIC_NO_PIC = NO;
				GCC_NO_COMMON_BLOCKS = YES;
				GCC_OPTIMIZATION_LEVEL = 0;
				GCC_PREPROCESSOR_DEFINITIONS = (
					"DEBUG=1",
					"$(inherited)",
				);
				GCC_WARN_64_TO_32_BIT_CONVERSION = YES;
				GCC_WARN_ABOUT_RETURN_TYPE = YES_ERROR;
				GCC_WARN_UNDECLARED_SELECTOR = YES;
				GCC_WARN_UNINITIALIZED_AUTOS = YES_AGGRESSIVE;
				GCC_WARN_UNUSED_FUNCTION = YES;
				GCC_WARN_UNUSED_VARIABLE = YES;
				IPHONEOS_DEPLOYMENT_TARGET = 12.1;
				MTL_ENABLE_DEBUG_INFO = INCLUDE_SOURCE;
				MTL_FAST_MATH = YES;
				ONLY_ACTIVE_ARCH = YES;
				SDKROOT = iphoneos;
			};
			name = Debug;
		};
		B6775A3C22320D3D002076C0 /* Release */ = {
			isa = XCBuildConfiguration;
			buildSettings = {
				ALWAYS_SEARCH_USER_PATHS = NO;
				CLANG_ANALYZER_NONNULL = YES;
				CLANG_ANALYZER_NUMBER_OBJECT_CONVERSION = YES_AGGRESSIVE;
				CLANG_CXX_LANGUAGE_STANDARD = "gnu++14";
				CLANG_CXX_LIBRARY = "libc++";
				CLANG_ENABLE_MODULES = YES;
				CLANG_ENABLE_OBJC_ARC = YES;
				CLANG_ENABLE_OBJC_WEAK = YES;
				CLANG_WARN_BLOCK_CAPTURE_AUTORELEASING = YES;
				CLANG_WARN_BOOL_CONVERSION = YES;
				CLANG_WARN_COMMA = YES;
				CLANG_WARN_CONSTANT_CONVERSION = YES;
				CLANG_WARN_DEPRECATED_OBJC_IMPLEMENTATIONS = YES;
				CLANG_WARN_DIRECT_OBJC_ISA_USAGE = YES_ERROR;
				CLANG_WARN_DOCUMENTATION_COMMENTS = YES;
				CLANG_WARN_EMPTY_BODY = YES;
				CLANG_WARN_ENUM_CONVERSION = YES;
				CLANG_WARN_INFINITE_RECURSION = YES;
				CLANG_WARN_INT_CONVERSION = YES;
				CLANG_WARN_NON_LITERAL_NULL_CONVERSION = YES;
				CLANG_WARN_OBJC_IMPLICIT_RETAIN_SELF = YES;
				CLANG_WARN_OBJC_LITERAL_CONVERSION = YES;
				CLANG_WARN_OBJC_ROOT_CLASS = YES_ERROR;
				CLANG_WARN_RANGE_LOOP_ANALYSIS = YES;
				CLANG_WARN_STRICT_PROTOTYPES = YES;
				CLANG_WARN_SUSPICIOUS_MOVE = YES;
				CLANG_WARN_UNGUARDED_AVAILABILITY = YES_AGGRESSIVE;
				CLANG_WARN_UNREACHABLE_CODE = YES;
				CLANG_WARN__DUPLICATE_METHOD_MATCH = YES;
				CODE_SIGN_IDENTITY = "iPhone Developer";
				COPY_PHASE_STRIP = NO;
				DEBUG_INFORMATION_FORMAT = "dwarf-with-dsym";
				ENABLE_NS_ASSERTIONS = NO;
				ENABLE_STRICT_OBJC_MSGSEND = YES;
				GCC_C_LANGUAGE_STANDARD = gnu11;
				GCC_NO_COMMON_BLOCKS = YES;
				GCC_WARN_64_TO_32_BIT_CONVERSION = YES;
				GCC_WARN_ABOUT_RETURN_TYPE = YES_ERROR;
				GCC_WARN_UNDECLARED_SELECTOR = YES;
				GCC_WARN_UNINITIALIZED_AUTOS = YES_AGGRESSIVE;
				GCC_WARN_UNUSED_FUNCTION = YES;
				GCC_WARN_UNUSED_VARIABLE = YES;
				IPHONEOS_DEPLOYMENT_TARGET = 12.1;
				MTL_ENABLE_DEBUG_INFO = NO;
				MTL_FAST_MATH = YES;
				SDKROOT = iphoneos;
				VALIDATE_PRODUCT = YES;
			};
			name = Release;
		};
		B6775A3E22320D3D002076C0 /* Debug */ = {
			isa = XCBuildConfiguration;
			buildSettings = {
				ASSETCATALOG_COMPILER_APPICON_NAME = AppIcon;
				CODE_SIGN_STYLE = Automatic;
				INFOPLIST_FILE = ShenHeDemo/Info.plist;
				LD_RUNPATH_SEARCH_PATHS = (
					"$(inherited)",
					"@executable_path/Frameworks",
				);
				PRODUCT_BUNDLE_IDENTIFIER = PSS.ShenHeDemo;
				PRODUCT_NAME = "$(TARGET_NAME)";
				TARGETED_DEVICE_FAMILY = "1,2";
			};
			name = Debug;
		};
		B6775A3F22320D3D002076C0 /* Release */ = {
			isa = XCBuildConfiguration;
			buildSettings = {
				ASSETCATALOG_COMPILER_APPICON_NAME = AppIcon;
				CODE_SIGN_STYLE = Automatic;
				INFOPLIST_FILE = ShenHeDemo/Info.plist;
				LD_RUNPATH_SEARCH_PATHS = (
					"$(inherited)",
					"@executable_path/Frameworks",
				);
				PRODUCT_BUNDLE_IDENTIFIER = PSS.ShenHeDemo;
				PRODUCT_NAME = "$(TARGET_NAME)";
				TARGETED_DEVICE_FAMILY = "1,2";
			};
			name = Release;
		};
		B6775A4122320D3D002076C0 /* Debug */ = {
			isa = XCBuildConfiguration;
			buildSettings = {
				BUNDLE_LOADER = "$(TEST_HOST)";
				CODE_SIGN_STYLE = Automatic;
				INFOPLIST_FILE = ShenHeDemoTests/Info.plist;
				LD_RUNPATH_SEARCH_PATHS = (
					"$(inherited)",
					"@executable_path/Frameworks",
					"@loader_path/Frameworks",
				);
				PRODUCT_BUNDLE_IDENTIFIER = PSS.ShenHeDemoTests;
				PRODUCT_NAME = "$(TARGET_NAME)";
				TARGETED_DEVICE_FAMILY = "1,2";
				TEST_HOST = "$(BUILT_PRODUCTS_DIR)/ShenHeDemo.app/ShenHeDemo";
			};
			name = Debug;
		};
		B6775A4222320D3D002076C0 /* Release */ = {
			isa = XCBuildConfiguration;
			buildSettings = {
				BUNDLE_LOADER = "$(TEST_HOST)";
				CODE_SIGN_STYLE = Automatic;
				INFOPLIST_FILE = ShenHeDemoTests/Info.plist;
				LD_RUNPATH_SEARCH_PATHS = (
					"$(inherited)",
					"@executable_path/Frameworks",
					"@loader_path/Frameworks",
				);
				PRODUCT_BUNDLE_IDENTIFIER = PSS.ShenHeDemoTests;
				PRODUCT_NAME = "$(TARGET_NAME)";
				TARGETED_DEVICE_FAMILY = "1,2";
				TEST_HOST = "$(BUILT_PRODUCTS_DIR)/ShenHeDemo.app/ShenHeDemo";
			};
			name = Release;
		};
		B6775A4422320D3D002076C0 /* Debug */ = {
			isa = XCBuildConfiguration;
			buildSettings = {
				CODE_SIGN_STYLE = Automatic;
				INFOPLIST_FILE = ShenHeDemoUITests/Info.plist;
				LD_RUNPATH_SEARCH_PATHS = (
					"$(inherited)",
					"@executable_path/Frameworks",
					"@loader_path/Frameworks",
				);
				PRODUCT_BUNDLE_IDENTIFIER = PSS.ShenHeDemoUITests;
				PRODUCT_NAME = "$(TARGET_NAME)";
				TARGETED_DEVICE_FAMILY = "1,2";
				TEST_TARGET_NAME = ShenHeDemo;
			};
			name = Debug;
		};
		B6775A4522320D3D002076C0 /* Release */ = {
			isa = XCBuildConfiguration;
			buildSettings = {
				CODE_SIGN_STYLE = Automatic;
				INFOPLIST_FILE = ShenHeDemoUITests/Info.plist;
				LD_RUNPATH_SEARCH_PATHS = (
					"$(inherited)",
					"@executable_path/Frameworks",
					"@loader_path/Frameworks",
				);
				PRODUCT_BUNDLE_IDENTIFIER = PSS.ShenHeDemoUITests;
				PRODUCT_NAME = "$(TARGET_NAME)";
				TARGETED_DEVICE_FAMILY = "1,2";
				TEST_TARGET_NAME = ShenHeDemo;
			};
			name = Release;
		};
/* End XCBuildConfiguration section */

/* Begin XCConfigurationList section */
		B6775A0C22320D3B002076C0 /* Build configuration list for PBXProject "ShenHeDemo" */ = {
			isa = XCConfigurationList;
			buildConfigurations = (
				B6775A3B22320D3D002076C0 /* Debug */,
				B6775A3C22320D3D002076C0 /* Release */,
			);
			defaultConfigurationIsVisible = 0;
			defaultConfigurationName = Release;
		};
		B6775A3D22320D3D002076C0 /* Build configuration list for PBXNativeTarget "ShenHeDemo" */ = {
			isa = XCConfigurationList;
			buildConfigurations = (
				B6775A3E22320D3D002076C0 /* Debug */,
				B6775A3F22320D3D002076C0 /* Release */,
			);
			defaultConfigurationIsVisible = 0;
			defaultConfigurationName = Release;
		};
		B6775A4022320D3D002076C0 /* Build configuration list for PBXNativeTarget "ShenHeDemoTests" */ = {
			isa = XCConfigurationList;
			buildConfigurations = (
				B6775A4122320D3D002076C0 /* Debug */,
				B6775A4222320D3D002076C0 /* Release */,
			);
			defaultConfigurationIsVisible = 0;
			defaultConfigurationName = Release;
		};
		B6775A4322320D3D002076C0 /* Build configuration list for PBXNativeTarget "ShenHeDemoUITests" */ = {
			isa = XCConfigurationList;
			buildConfigurations = (
				B6775A4422320D3D002076C0 /* Debug */,
				B6775A4522320D3D002076C0 /* Release */,
			);
			defaultConfigurationIsVisible = 0;
			defaultConfigurationName = Release;
		};
/* End XCConfigurationList section */
	};
	rootObject = B6775A0922320D3B002076C0 /* Project object */;
}
